// !$*UTF8*$!
{
	archiveVersion = 1;
	classes = {
	};
	objectVersion = 77;
	objects = {

/* Begin PBXBuildFile section */
		C0E297B42CEF8D52002B0BAF /* FirebaseAnalytics in Frameworks */ = {isa = PBXBuildFile; productRef = C0E297B32CEF8D52002B0BAF /* FirebaseAnalytics */; };
		C0E297B62CEF8D52002B0BAF /* FirebaseAnalyticsOnDeviceConversion in Frameworks */ = {isa = PBXBuildFile; productRef = C0E297B52CEF8D52002B0BAF /* FirebaseAnalyticsOnDeviceConversion */; };
		C0E297B82CEF8D52002B0BAF /* FirebaseAnalyticsWithoutAdIdSupport in Frameworks */ = {isa = PBXBuildFile; productRef = C0E297B72CEF8D52002B0BAF /* FirebaseAnalyticsWithoutAdIdSupport */; };
		C0E297BA2CEF8D52002B0BAF /* FirebaseAppCheck in Frameworks */ = {isa = PBXBuildFile; productRef = C0E297B92CEF8D52002B0BAF /* FirebaseAppCheck */; };
		C0E297BC2CEF8D52002B0BAF /* FirebaseAppDistribution-Beta in Frameworks */ = {isa = PBXBuildFile; productRef = C0E297BB2CEF8D52002B0BAF /* FirebaseAppDistribution-Beta */; };
		C0E297BE2CEF8D52002B0BAF /* FirebaseAuth in Frameworks */ = {isa = PBXBuildFile; productRef = C0E297BD2CEF8D52002B0BAF /* FirebaseAuth */; };
		C0E297C02CEF8D52002B0BAF /* FirebaseAuthCombine-Community in Frameworks */ = {isa = PBXBuildFile; productRef = C0E297BF2CEF8D52002B0BAF /* FirebaseAuthCombine-Community */; };
		C0E297C22CEF8D52002B0BAF /* FirebaseCore in Frameworks */ = {isa = PBXBuildFile; productRef = C0E297C12CEF8D52002B0BAF /* FirebaseCore */; };
		C0E297C42CEF8D52002B0BAF /* FirebaseCrashlytics in Frameworks */ = {isa = PBXBuildFile; productRef = C0E297C32CEF8D52002B0BAF /* FirebaseCrashlytics */; };
		C0E297C62CEF8D52002B0BAF /* FirebaseDatabase in Frameworks */ = {isa = PBXBuildFile; productRef = C0E297C52CEF8D52002B0BAF /* FirebaseDatabase */; };
		C0E297C82CEF8D52002B0BAF /* FirebaseDynamicLinks in Frameworks */ = {isa = PBXBuildFile; productRef = C0E297C72CEF8D52002B0BAF /* FirebaseDynamicLinks */; };
		C0E297CA2CEF8D52002B0BAF /* FirebaseFirestore in Frameworks */ = {isa = PBXBuildFile; productRef = C0E297C92CEF8D52002B0BAF /* FirebaseFirestore */; };
		C0E297CC2CEF8D52002B0BAF /* FirebaseFirestoreCombine-Community in Frameworks */ = {isa = PBXBuildFile; productRef = C0E297CB2CEF8D52002B0BAF /* FirebaseFirestoreCombine-Community */; };
		C0E297CE2CEF8D52002B0BAF /* FirebaseFunctions in Frameworks */ = {isa = PBXBuildFile; productRef = C0E297CD2CEF8D52002B0BAF /* FirebaseFunctions */; };
		C0E297D02CEF8D52002B0BAF /* FirebaseFunctionsCombine-Community in Frameworks */ = {isa = PBXBuildFile; productRef = C0E297CF2CEF8D52002B0BAF /* FirebaseFunctionsCombine-Community */; };
		C0E297D22CEF8D52002B0BAF /* FirebaseInAppMessaging-Beta in Frameworks */ = {isa = PBXBuildFile; productRef = C0E297D12CEF8D52002B0BAF /* FirebaseInAppMessaging-Beta */; };
		C0E297D42CEF8D52002B0BAF /* FirebaseInstallations in Frameworks */ = {isa = PBXBuildFile; productRef = C0E297D32CEF8D52002B0BAF /* FirebaseInstallations */; };
		C0E297D62CEF8D52002B0BAF /* FirebaseMLModelDownloader in Frameworks */ = {isa = PBXBuildFile; productRef = C0E297D52CEF8D52002B0BAF /* FirebaseMLModelDownloader */; };
		C0E297D82CEF8D52002B0BAF /* FirebaseMessaging in Frameworks */ = {isa = PBXBuildFile; productRef = C0E297D72CEF8D52002B0BAF /* FirebaseMessaging */; };
		C0E297DA2CEF8D52002B0BAF /* FirebasePerformance in Frameworks */ = {isa = PBXBuildFile; productRef = C0E297D92CEF8D52002B0BAF /* FirebasePerformance */; };
		C0E297DC2CEF8D52002B0BAF /* FirebaseRemoteConfig in Frameworks */ = {isa = PBXBuildFile; productRef = C0E297DB2CEF8D52002B0BAF /* FirebaseRemoteConfig */; };
		C0E297DE2CEF8D52002B0BAF /* FirebaseStorage in Frameworks */ = {isa = PBXBuildFile; productRef = C0E297DD2CEF8D52002B0BAF /* FirebaseStorage */; };
		C0E297E02CEF8D52002B0BAF /* FirebaseStorageCombine-Community in Frameworks */ = {isa = PBXBuildFile; productRef = C0E297DF2CEF8D52002B0BAF /* FirebaseStorageCombine-Community */; };
		C0E297E22CEF8D52002B0BAF /* FirebaseVertexAI in Frameworks */ = {isa = PBXBuildFile; productRef = C0E297E12CEF8D52002B0BAF /* FirebaseVertexAI */; };
/* End PBXBuildFile section */

/* Begin PBXContainerItemProxy section */
		21B86CF72CA5DF9300FD93D0 /* PBXContainerItemProxy */ = {
			isa = PBXContainerItemProxy;
			containerPortal = 21B86CDE2CA5DF9200FD93D0 /* Project object */;
			proxyType = 1;
			remoteGlobalIDString = 21B86CE52CA5DF9200FD93D0;
			remoteInfo = com.wruv.ljmayo.www;
		};
		21B86D012CA5DF9300FD93D0 /* PBXContainerItemProxy */ = {
			isa = PBXContainerItemProxy;
			containerPortal = 21B86CDE2CA5DF9200FD93D0 /* Project object */;
			proxyType = 1;
			remoteGlobalIDString = 21B86CE52CA5DF9200FD93D0;
			remoteInfo = com.wruv.ljmayo.www;
		};
/* End PBXContainerItemProxy section */

/* Begin PBXFileReference section */
		21B86CE62CA5DF9200FD93D0 /* com.wruv.ljmayo.www.app */ = {isa = PBXFileReference; explicitFileType = wrapper.application; includeInIndex = 0; path = com.wruv.ljmayo.www.app; sourceTree = BUILT_PRODUCTS_DIR; };
		21B86CF62CA5DF9300FD93D0 /* com.wruv.ljmayo.wwwTests.xctest */ = {isa = PBXFileReference; explicitFileType = wrapper.cfbundle; includeInIndex = 0; path = com.wruv.ljmayo.wwwTests.xctest; sourceTree = BUILT_PRODUCTS_DIR; };
		21B86D002CA5DF9300FD93D0 /* com.wruv.ljmayo.wwwUITests.xctest */ = {isa = PBXFileReference; explicitFileType = wrapper.cfbundle; includeInIndex = 0; path = com.wruv.ljmayo.wwwUITests.xctest; sourceTree = BUILT_PRODUCTS_DIR; };
/* End PBXFileReference section */

/* Begin PBXFileSystemSynchronizedRootGroup section */
		21B86CE82CA5DF9200FD93D0 /* com.wruv.ljmayo.www */ = {
			isa = PBXFileSystemSynchronizedRootGroup;
			path = com.wruv.ljmayo.www;
			sourceTree = "<group>";
		};
		21B86CF92CA5DF9300FD93D0 /* com.wruv.ljmayo.wwwTests */ = {
			isa = PBXFileSystemSynchronizedRootGroup;
			path = com.wruv.ljmayo.wwwTests;
			sourceTree = "<group>";
		};
		21B86D032CA5DF9300FD93D0 /* com.wruv.ljmayo.wwwUITests */ = {
			isa = PBXFileSystemSynchronizedRootGroup;
			path = com.wruv.ljmayo.wwwUITests;
			sourceTree = "<group>";
		};
/* End PBXFileSystemSynchronizedRootGroup section */

/* Begin PBXFrameworksBuildPhase section */
		21B86CE32CA5DF9200FD93D0 /* Frameworks */ = {
			isa = PBXFrameworksBuildPhase;
			buildActionMask = 2147483647;
			files = (
				C0E297CC2CEF8D52002B0BAF /* FirebaseFirestoreCombine-Community in Frameworks */,
				C0E297E22CEF8D52002B0BAF /* FirebaseVertexAI in Frameworks */,
				C0E297CE2CEF8D52002B0BAF /* FirebaseFunctions in Frameworks */,
				C0E297DA2CEF8D52002B0BAF /* FirebasePerformance in Frameworks */,
				C0E297E02CEF8D52002B0BAF /* FirebaseStorageCombine-Community in Frameworks */,
				C0E297DC2CEF8D52002B0BAF /* FirebaseRemoteConfig in Frameworks */,
				C0E297C62CEF8D52002B0BAF /* FirebaseDatabase in Frameworks */,
				C0E297C82CEF8D52002B0BAF /* FirebaseDynamicLinks in Frameworks */,
				C0E297BA2CEF8D52002B0BAF /* FirebaseAppCheck in Frameworks */,
				C0E297BE2CEF8D52002B0BAF /* FirebaseAuth in Frameworks */,
				C0E297B42CEF8D52002B0BAF /* FirebaseAnalytics in Frameworks */,
				C0E297CA2CEF8D52002B0BAF /* FirebaseFirestore in Frameworks */,
				C0E297D82CEF8D52002B0BAF /* FirebaseMessaging in Frameworks */,
				C0E297D42CEF8D52002B0BAF /* FirebaseInstallations in Frameworks */,
				C0E297D02CEF8D52002B0BAF /* FirebaseFunctionsCombine-Community in Frameworks */,
				C0E297BC2CEF8D52002B0BAF /* FirebaseAppDistribution-Beta in Frameworks */,
				C0E297B82CEF8D52002B0BAF /* FirebaseAnalyticsWithoutAdIdSupport in Frameworks */,
				C0E297D22CEF8D52002B0BAF /* FirebaseInAppMessaging-Beta in Frameworks */,
				C0E297C02CEF8D52002B0BAF /* FirebaseAuthCombine-Community in Frameworks */,
				C0E297C42CEF8D52002B0BAF /* FirebaseCrashlytics in Frameworks */,
				C0E297D62CEF8D52002B0BAF /* FirebaseMLModelDownloader in Frameworks */,
				C0E297DE2CEF8D52002B0BAF /* FirebaseStorage in Frameworks */,
				C0E297C22CEF8D52002B0BAF /* FirebaseCore in Frameworks */,
				C0E297B62CEF8D52002B0BAF /* FirebaseAnalyticsOnDeviceConversion in Frameworks */,
			);
			runOnlyForDeploymentPostprocessing = 0;
		};
		21B86CF32CA5DF9300FD93D0 /* Frameworks */ = {
			isa = PBXFrameworksBuildPhase;
			buildActionMask = 2147483647;
			files = (
			);
			runOnlyForDeploymentPostprocessing = 0;
		};
		21B86CFD2CA5DF9300FD93D0 /* Frameworks */ = {
			isa = PBXFrameworksBuildPhase;
			buildActionMask = 2147483647;
			files = (
			);
			runOnlyForDeploymentPostprocessing = 0;
		};
/* End PBXFrameworksBuildPhase section */

/* Begin PBXGroup section */
		21B86CDD2CA5DF9200FD93D0 = {
			isa = PBXGroup;
			children = (
				21B86CE82CA5DF9200FD93D0 /* com.wruv.ljmayo.www */,
				21B86CF92CA5DF9300FD93D0 /* com.wruv.ljmayo.wwwTests */,
				21B86D032CA5DF9300FD93D0 /* com.wruv.ljmayo.wwwUITests */,
				21B86CE72CA5DF9200FD93D0 /* Products */,
			);
			sourceTree = "<group>";
		};
		21B86CE72CA5DF9200FD93D0 /* Products */ = {
			isa = PBXGroup;
			children = (
				21B86CE62CA5DF9200FD93D0 /* com.wruv.ljmayo.www.app */,
				21B86CF62CA5DF9300FD93D0 /* com.wruv.ljmayo.wwwTests.xctest */,
				21B86D002CA5DF9300FD93D0 /* com.wruv.ljmayo.wwwUITests.xctest */,
			);
			name = Products;
			sourceTree = "<group>";
		};
/* End PBXGroup section */

/* Begin PBXNativeTarget section */
		21B86CE52CA5DF9200FD93D0 /* com.wruv.ljmayo.www */ = {
			isa = PBXNativeTarget;
			buildConfigurationList = 21B86D0A2CA5DF9300FD93D0 /* Build configuration list for PBXNativeTarget "com.wruv.ljmayo.www" */;
			buildPhases = (
				21B86CE22CA5DF9200FD93D0 /* Sources */,
				21B86CE32CA5DF9200FD93D0 /* Frameworks */,
				21B86CE42CA5DF9200FD93D0 /* Resources */,
			);
			buildRules = (
			);
			dependencies = (
			);
			fileSystemSynchronizedGroups = (
				21B86CE82CA5DF9200FD93D0 /* com.wruv.ljmayo.www */,
			);
			name = com.wruv.ljmayo.www;
			packageProductDependencies = (
				C0E297B32CEF8D52002B0BAF /* FirebaseAnalytics */,
				C0E297B52CEF8D52002B0BAF /* FirebaseAnalyticsOnDeviceConversion */,
				C0E297B72CEF8D52002B0BAF /* FirebaseAnalyticsWithoutAdIdSupport */,
				C0E297B92CEF8D52002B0BAF /* FirebaseAppCheck */,
				C0E297BB2CEF8D52002B0BAF /* FirebaseAppDistribution-Beta */,
				C0E297BD2CEF8D52002B0BAF /* FirebaseAuth */,
				C0E297BF2CEF8D52002B0BAF /* FirebaseAuthCombine-Community */,
				C0E297C12CEF8D52002B0BAF /* FirebaseCore */,
				C0E297C32CEF8D52002B0BAF /* FirebaseCrashlytics */,
				C0E297C52CEF8D52002B0BAF /* FirebaseDatabase */,
				C0E297C72CEF8D52002B0BAF /* FirebaseDynamicLinks */,
				C0E297C92CEF8D52002B0BAF /* FirebaseFirestore */,
				C0E297CB2CEF8D52002B0BAF /* FirebaseFirestoreCombine-Community */,
				C0E297CD2CEF8D52002B0BAF /* FirebaseFunctions */,
				C0E297CF2CEF8D52002B0BAF /* FirebaseFunctionsCombine-Community */,
				C0E297D12CEF8D52002B0BAF /* FirebaseInAppMessaging-Beta */,
				C0E297D32CEF8D52002B0BAF /* FirebaseInstallations */,
				C0E297D52CEF8D52002B0BAF /* FirebaseMLModelDownloader */,
				C0E297D72CEF8D52002B0BAF /* FirebaseMessaging */,
				C0E297D92CEF8D52002B0BAF /* FirebasePerformance */,
				C0E297DB2CEF8D52002B0BAF /* FirebaseRemoteConfig */,
				C0E297DD2CEF8D52002B0BAF /* FirebaseStorage */,
				C0E297DF2CEF8D52002B0BAF /* FirebaseStorageCombine-Community */,
				C0E297E12CEF8D52002B0BAF /* FirebaseVertexAI */,
			);
			productName = com.wruv.ljmayo.www;
			productReference = 21B86CE62CA5DF9200FD93D0 /* com.wruv.ljmayo.www.app */;
			productType = "com.apple.product-type.application";
		};
		21B86CF52CA5DF9300FD93D0 /* com.wruv.ljmayo.wwwTests */ = {
			isa = PBXNativeTarget;
			buildConfigurationList = 21B86D0D2CA5DF9300FD93D0 /* Build configuration list for PBXNativeTarget "com.wruv.ljmayo.wwwTests" */;
			buildPhases = (
				21B86CF22CA5DF9300FD93D0 /* Sources */,
				21B86CF32CA5DF9300FD93D0 /* Frameworks */,
				21B86CF42CA5DF9300FD93D0 /* Resources */,
			);
			buildRules = (
			);
			dependencies = (
				21B86CF82CA5DF9300FD93D0 /* PBXTargetDependency */,
			);
			fileSystemSynchronizedGroups = (
				21B86CF92CA5DF9300FD93D0 /* com.wruv.ljmayo.wwwTests */,
			);
			name = com.wruv.ljmayo.wwwTests;
			packageProductDependencies = (
			);
			productName = com.wruv.ljmayo.wwwTests;
			productReference = 21B86CF62CA5DF9300FD93D0 /* com.wruv.ljmayo.wwwTests.xctest */;
			productType = "com.apple.product-type.bundle.unit-test";
		};
		21B86CFF2CA5DF9300FD93D0 /* com.wruv.ljmayo.wwwUITests */ = {
			isa = PBXNativeTarget;
			buildConfigurationList = 21B86D102CA5DF9300FD93D0 /* Build configuration list for PBXNativeTarget "com.wruv.ljmayo.wwwUITests" */;
			buildPhases = (
				21B86CFC2CA5DF9300FD93D0 /* Sources */,
				21B86CFD2CA5DF9300FD93D0 /* Frameworks */,
				21B86CFE2CA5DF9300FD93D0 /* Resources */,
			);
			buildRules = (
			);
			dependencies = (
				21B86D022CA5DF9300FD93D0 /* PBXTargetDependency */,
			);
			fileSystemSynchronizedGroups = (
				21B86D032CA5DF9300FD93D0 /* com.wruv.ljmayo.wwwUITests */,
			);
			name = com.wruv.ljmayo.wwwUITests;
			packageProductDependencies = (
			);
			productName = com.wruv.ljmayo.wwwUITests;
			productReference = 21B86D002CA5DF9300FD93D0 /* com.wruv.ljmayo.wwwUITests.xctest */;
			productType = "com.apple.product-type.bundle.ui-testing";
		};
/* End PBXNativeTarget section */

/* Begin PBXProject section */
		21B86CDE2CA5DF9200FD93D0 /* Project object */ = {
			isa = PBXProject;
			attributes = {
				BuildIndependentTargetsInParallel = 1;
				LastSwiftUpdateCheck = 1600;
				LastUpgradeCheck = 1600;
				TargetAttributes = {
					21B86CE52CA5DF9200FD93D0 = {
						CreatedOnToolsVersion = 16.0;
					};
					21B86CF52CA5DF9300FD93D0 = {
						CreatedOnToolsVersion = 16.0;
						TestTargetID = 21B86CE52CA5DF9200FD93D0;
					};
					21B86CFF2CA5DF9300FD93D0 = {
						CreatedOnToolsVersion = 16.0;
						TestTargetID = 21B86CE52CA5DF9200FD93D0;
					};
				};
			};
			buildConfigurationList = 21B86CE12CA5DF9200FD93D0 /* Build configuration list for PBXProject "com.wruv.ljmayo.www" */;
			developmentRegion = en;
			hasScannedForEncodings = 0;
			knownRegions = (
				en,
				Base,
			);
			mainGroup = 21B86CDD2CA5DF9200FD93D0;
			minimizedProjectReferenceProxies = 1;
			packageReferences = (
				C0E297B22CEF8D52002B0BAF /* XCRemoteSwiftPackageReference "firebase-ios-sdk" */,
			);
			preferredProjectObjectVersion = 77;
			productRefGroup = 21B86CE72CA5DF9200FD93D0 /* Products */;
			projectDirPath = "";
			projectRoot = "";
			targets = (
				21B86CE52CA5DF9200FD93D0 /* com.wruv.ljmayo.www */,
				21B86CF52CA5DF9300FD93D0 /* com.wruv.ljmayo.wwwTests */,
				21B86CFF2CA5DF9300FD93D0 /* com.wruv.ljmayo.wwwUITests */,
			);
		};
/* End PBXProject section */

/* Begin PBXResourcesBuildPhase section */
		21B86CE42CA5DF9200FD93D0 /* Resources */ = {
			isa = PBXResourcesBuildPhase;
			buildActionMask = 2147483647;
			files = (
			);
			runOnlyForDeploymentPostprocessing = 0;
		};
		21B86CF42CA5DF9300FD93D0 /* Resources */ = {
			isa = PBXResourcesBuildPhase;
			buildActionMask = 2147483647;
			files = (
			);
			runOnlyForDeploymentPostprocessing = 0;
		};
		21B86CFE2CA5DF9300FD93D0 /* Resources */ = {
			isa = PBXResourcesBuildPhase;
			buildActionMask = 2147483647;
			files = (
			);
			runOnlyForDeploymentPostprocessing = 0;
		};
/* End PBXResourcesBuildPhase section */

/* Begin PBXSourcesBuildPhase section */
		21B86CE22CA5DF9200FD93D0 /* Sources */ = {
			isa = PBXSourcesBuildPhase;
			buildActionMask = 2147483647;
			files = (
			);
			runOnlyForDeploymentPostprocessing = 0;
		};
		21B86CF22CA5DF9300FD93D0 /* Sources */ = {
			isa = PBXSourcesBuildPhase;
			buildActionMask = 2147483647;
			files = (
			);
			runOnlyForDeploymentPostprocessing = 0;
		};
		21B86CFC2CA5DF9300FD93D0 /* Sources */ = {
			isa = PBXSourcesBuildPhase;
			buildActionMask = 2147483647;
			files = (
			);
			runOnlyForDeploymentPostprocessing = 0;
		};
/* End PBXSourcesBuildPhase section */

/* Begin PBXTargetDependency section */
		21B86CF82CA5DF9300FD93D0 /* PBXTargetDependency */ = {
			isa = PBXTargetDependency;
			target = 21B86CE52CA5DF9200FD93D0 /* com.wruv.ljmayo.www */;
			targetProxy = 21B86CF72CA5DF9300FD93D0 /* PBXContainerItemProxy */;
		};
		21B86D022CA5DF9300FD93D0 /* PBXTargetDependency */ = {
			isa = PBXTargetDependency;
			target = 21B86CE52CA5DF9200FD93D0 /* com.wruv.ljmayo.www */;
			targetProxy = 21B86D012CA5DF9300FD93D0 /* PBXContainerItemProxy */;
		};
/* End PBXTargetDependency section */

/* Begin XCBuildConfiguration section */
		21B86D082CA5DF9300FD93D0 /* Debug */ = {
			isa = XCBuildConfiguration;
			buildSettings = {
				ALWAYS_SEARCH_USER_PATHS = NO;
				ASSETCATALOG_COMPILER_GENERATE_SWIFT_ASSET_SYMBOL_EXTENSIONS = YES;
				CLANG_ANALYZER_NONNULL = YES;
				CLANG_ANALYZER_NUMBER_OBJECT_CONVERSION = YES_AGGRESSIVE;
				CLANG_CXX_LANGUAGE_STANDARD = "gnu++20";
				CLANG_ENABLE_MODULES = YES;
				CLANG_ENABLE_OBJC_ARC = YES;
				CLANG_ENABLE_OBJC_WEAK = YES;
				CLANG_WARN_BLOCK_CAPTURE_AUTORELEASING = YES;
				CLANG_WARN_BOOL_CONVERSION = YES;
				CLANG_WARN_COMMA = YES;
				CLANG_WARN_CONSTANT_CONVERSION = YES;
				CLANG_WARN_DEPRECATED_OBJC_IMPLEMENTATIONS = YES;
				CLANG_WARN_DIRECT_OBJC_ISA_USAGE = YES_ERROR;
				CLANG_WARN_DOCUMENTATION_COMMENTS = YES;
				CLANG_WARN_EMPTY_BODY = YES;
				CLANG_WARN_ENUM_CONVERSION = YES;
				CLANG_WARN_INFINITE_RECURSION = YES;
				CLANG_WARN_INT_CONVERSION = YES;
				CLANG_WARN_NON_LITERAL_NULL_CONVERSION = YES;
				CLANG_WARN_OBJC_IMPLICIT_RETAIN_SELF = YES;
				CLANG_WARN_OBJC_LITERAL_CONVERSION = YES;
				CLANG_WARN_OBJC_ROOT_CLASS = YES_ERROR;
				CLANG_WARN_QUOTED_INCLUDE_IN_FRAMEWORK_HEADER = YES;
				CLANG_WARN_RANGE_LOOP_ANALYSIS = YES;
				CLANG_WARN_STRICT_PROTOTYPES = YES;
				CLANG_WARN_SUSPICIOUS_MOVE = YES;
				CLANG_WARN_UNGUARDED_AVAILABILITY = YES_AGGRESSIVE;
				CLANG_WARN_UNREACHABLE_CODE = YES;
				CLANG_WARN__DUPLICATE_METHOD_MATCH = YES;
				COPY_PHASE_STRIP = NO;
				DEBUG_INFORMATION_FORMAT = dwarf;
				ENABLE_STRICT_OBJC_MSGSEND = YES;
				ENABLE_TESTABILITY = YES;
				ENABLE_USER_SCRIPT_SANDBOXING = YES;
				GCC_C_LANGUAGE_STANDARD = gnu17;
				GCC_DYNAMIC_NO_PIC = NO;
				GCC_NO_COMMON_BLOCKS = YES;
				GCC_OPTIMIZATION_LEVEL = 0;
				GCC_PREPROCESSOR_DEFINITIONS = (
					"DEBUG=1",
					"$(inherited)",
				);
				GCC_WARN_64_TO_32_BIT_CONVERSION = YES;
				GCC_WARN_ABOUT_RETURN_TYPE = YES_ERROR;
				GCC_WARN_UNDECLARED_SELECTOR = YES;
				GCC_WARN_UNINITIALIZED_AUTOS = YES_AGGRESSIVE;
				GCC_WARN_UNUSED_FUNCTION = YES;
				GCC_WARN_UNUSED_VARIABLE = YES;
				GENERATE_INFOPLIST_FILE = NO;
				IPHONEOS_DEPLOYMENT_TARGET = 18.0;
				LOCALIZATION_PREFERS_STRING_CATALOGS = YES;
				MTL_ENABLE_DEBUG_INFO = INCLUDE_SOURCE;
				MTL_FAST_MATH = YES;
				ONLY_ACTIVE_ARCH = YES;
				SDKROOT = iphoneos;
				SWIFT_ACTIVE_COMPILATION_CONDITIONS = "DEBUG $(inherited)";
				SWIFT_OPTIMIZATION_LEVEL = "-Onone";
			};
			name = Debug;
		};
		21B86D092CA5DF9300FD93D0 /* Release */ = {
			isa = XCBuildConfiguration;
			buildSettings = {
				ALWAYS_SEARCH_USER_PATHS = NO;
				ASSETCATALOG_COMPILER_GENERATE_SWIFT_ASSET_SYMBOL_EXTENSIONS = YES;
				CLANG_ANALYZER_NONNULL = YES;
				CLANG_ANALYZER_NUMBER_OBJECT_CONVERSION = YES_AGGRESSIVE;
				CLANG_CXX_LANGUAGE_STANDARD = "gnu++20";
				CLANG_ENABLE_MODULES = YES;
				CLANG_ENABLE_OBJC_ARC = YES;
				CLANG_ENABLE_OBJC_WEAK = YES;
				CLANG_WARN_BLOCK_CAPTURE_AUTORELEASING = YES;
				CLANG_WARN_BOOL_CONVERSION = YES;
				CLANG_WARN_COMMA = YES;
				CLANG_WARN_CONSTANT_CONVERSION = YES;
				CLANG_WARN_DEPRECATED_OBJC_IMPLEMENTATIONS = YES;
				CLANG_WARN_DIRECT_OBJC_ISA_USAGE = YES_ERROR;
				CLANG_WARN_DOCUMENTATION_COMMENTS = YES;
				CLANG_WARN_EMPTY_BODY = YES;
				CLANG_WARN_ENUM_CONVERSION = YES;
				CLANG_WARN_INFINITE_RECURSION = YES;
				CLANG_WARN_INT_CONVERSION = YES;
				CLANG_WARN_NON_LITERAL_NULL_CONVERSION = YES;
				CLANG_WARN_OBJC_IMPLICIT_RETAIN_SELF = YES;
				CLANG_WARN_OBJC_LITERAL_CONVERSION = YES;
				CLANG_WARN_OBJC_ROOT_CLASS = YES_ERROR;
				CLANG_WARN_QUOTED_INCLUDE_IN_FRAMEWORK_HEADER = YES;
				CLANG_WARN_RANGE_LOOP_ANALYSIS = YES;
				CLANG_WARN_STRICT_PROTOTYPES = YES;
				CLANG_WARN_SUSPICIOUS_MOVE = YES;
				CLANG_WARN_UNGUARDED_AVAILABILITY = YES_AGGRESSIVE;
				CLANG_WARN_UNREACHABLE_CODE = YES;
				CLANG_WARN__DUPLICATE_METHOD_MATCH = YES;
				COPY_PHASE_STRIP = NO;
				DEBUG_INFORMATION_FORMAT = "dwarf-with-dsym";
				ENABLE_NS_ASSERTIONS = NO;
				ENABLE_STRICT_OBJC_MSGSEND = YES;
				ENABLE_USER_SCRIPT_SANDBOXING = YES;
				GCC_C_LANGUAGE_STANDARD = gnu17;
				GCC_NO_COMMON_BLOCKS = YES;
				GCC_WARN_64_TO_32_BIT_CONVERSION = YES;
				GCC_WARN_ABOUT_RETURN_TYPE = YES_ERROR;
				GCC_WARN_UNDECLARED_SELECTOR = YES;
				GCC_WARN_UNINITIALIZED_AUTOS = YES_AGGRESSIVE;
				GCC_WARN_UNUSED_FUNCTION = YES;
				GCC_WARN_UNUSED_VARIABLE = YES;
				GENERATE_INFOPLIST_FILE = NO;
				IPHONEOS_DEPLOYMENT_TARGET = 18.0;
				LOCALIZATION_PREFERS_STRING_CATALOGS = YES;
				MTL_ENABLE_DEBUG_INFO = NO;
				MTL_FAST_MATH = YES;
				SDKROOT = iphoneos;
				SWIFT_COMPILATION_MODE = wholemodule;
				VALIDATE_PRODUCT = YES;
			};
			name = Release;
		};
		21B86D0B2CA5DF9300FD93D0 /* Debug */ = {
			isa = XCBuildConfiguration;
			buildSettings = {
				ASSETCATALOG_COMPILER_APPICON_NAME = AppIcon;
				ASSETCATALOG_COMPILER_GLOBAL_ACCENT_COLOR_NAME = AccentColor;
				CODE_SIGN_STYLE = Automatic;
				CURRENT_PROJECT_VERSION = 1;
				DEVELOPMENT_ASSET_PATHS = "\"com.wruv.ljmayo.www/Preview Content\"";
				ENABLE_PREVIEWS = YES;
				GENERATE_INFOPLIST_FILE = YES;
				INFOPLIST_FILE = "com-wruv-ljmayo-www-Info.plist";
				INFOPLIST_KEY_UIApplicationSceneManifest_Generation = YES;
				INFOPLIST_KEY_UIApplicationSupportsIndirectInputEvents = YES;
				INFOPLIST_KEY_UILaunchScreen_Generation = YES;
				INFOPLIST_KEY_UISupportedInterfaceOrientations_iPad = "UIInterfaceOrientationPortrait UIInterfaceOrientationPortraitUpsideDown UIInterfaceOrientationLandscapeLeft UIInterfaceOrientationLandscapeRight";
				INFOPLIST_KEY_UISupportedInterfaceOrientations_iPhone = "UIInterfaceOrientationPortrait UIInterfaceOrientationLandscapeLeft UIInterfaceOrientationLandscapeRight";
				LD_RUNPATH_SEARCH_PATHS = (
					"$(inherited)",
					"@executable_path/Frameworks",
				);
				MARKETING_VERSION = 1.0;
				PRODUCT_BUNDLE_IDENTIFIER = "WRUV.com-wruv-ljmayo-www";
				PRODUCT_NAME = "$(TARGET_NAME)";
				SWIFT_EMIT_LOC_STRINGS = YES;
				SWIFT_VERSION = 5.0;
				TARGETED_DEVICE_FAMILY = "1,2";
			};
			name = Debug;
		};
		21B86D0C2CA5DF9300FD93D0 /* Release */ = {
			isa = XCBuildConfiguration;
			buildSettings = {
				ASSETCATALOG_COMPILER_APPICON_NAME = AppIcon;
				ASSETCATALOG_COMPILER_GLOBAL_ACCENT_COLOR_NAME = AccentColor;
				CODE_SIGN_STYLE = Automatic;
				CURRENT_PROJECT_VERSION = 1;
				DEVELOPMENT_ASSET_PATHS = "\"com.wruv.ljmayo.www/Preview Content\"";
				ENABLE_PREVIEWS = YES;
				GENERATE_INFOPLIST_FILE = YES;
				INFOPLIST_FILE = "com-wruv-ljmayo-www-Info.plist";
				INFOPLIST_KEY_UIApplicationSceneManifest_Generation = YES;
				INFOPLIST_KEY_UIApplicationSupportsIndirectInputEvents = YES;
				INFOPLIST_KEY_UILaunchScreen_Generation = YES;
				INFOPLIST_KEY_UISupportedInterfaceOrientations_iPad = "UIInterfaceOrientationPortrait UIInterfaceOrientationPortraitUpsideDown UIInterfaceOrientationLandscapeLeft UIInterfaceOrientationLandscapeRight";
				INFOPLIST_KEY_UISupportedInterfaceOrientations_iPhone = "UIInterfaceOrientationPortrait UIInterfaceOrientationLandscapeLeft UIInterfaceOrientationLandscapeRight";
				LD_RUNPATH_SEARCH_PATHS = (
					"$(inherited)",
					"@executable_path/Frameworks",
				);
				MARKETING_VERSION = 1.0;
				PRODUCT_BUNDLE_IDENTIFIER = "WRUV.com-wruv-ljmayo-www";
				PRODUCT_NAME = "$(TARGET_NAME)";
				SWIFT_EMIT_LOC_STRINGS = YES;
				SWIFT_VERSION = 5.0;
				TARGETED_DEVICE_FAMILY = "1,2";
			};
			name = Release;
		};
		21B86D0E2CA5DF9300FD93D0 /* Debug */ = {
			isa = XCBuildConfiguration;
			buildSettings = {
				BUNDLE_LOADER = "$(TEST_HOST)";
				CODE_SIGN_STYLE = Automatic;
				CURRENT_PROJECT_VERSION = 1;
				GENERATE_INFOPLIST_FILE = YES;
				IPHONEOS_DEPLOYMENT_TARGET = 18.0;
				MARKETING_VERSION = 1.0;
				PRODUCT_BUNDLE_IDENTIFIER = "WRUV.com-wruv-ljmayo-wwwTests";
				PRODUCT_NAME = "$(TARGET_NAME)";
				SWIFT_EMIT_LOC_STRINGS = NO;
				SWIFT_VERSION = 5.0;
				TARGETED_DEVICE_FAMILY = "1,2";
				TEST_HOST = "$(BUILT_PRODUCTS_DIR)/com.wruv.ljmayo.www.app/$(BUNDLE_EXECUTABLE_FOLDER_PATH)/com.wruv.ljmayo.www";
			};
			name = Debug;
		};
		21B86D0F2CA5DF9300FD93D0 /* Release */ = {
			isa = XCBuildConfiguration;
			buildSettings = {
				BUNDLE_LOADER = "$(TEST_HOST)";
				CODE_SIGN_STYLE = Automatic;
				CURRENT_PROJECT_VERSION = 1;
				GENERATE_INFOPLIST_FILE = YES;
				IPHONEOS_DEPLOYMENT_TARGET = 18.0;
				MARKETING_VERSION = 1.0;
				PRODUCT_BUNDLE_IDENTIFIER = "WRUV.com-wruv-ljmayo-wwwTests";
				PRODUCT_NAME = "$(TARGET_NAME)";
				SWIFT_EMIT_LOC_STRINGS = NO;
				SWIFT_VERSION = 5.0;
				TARGETED_DEVICE_FAMILY = "1,2";
				TEST_HOST = "$(BUILT_PRODUCTS_DIR)/com.wruv.ljmayo.www.app/$(BUNDLE_EXECUTABLE_FOLDER_PATH)/com.wruv.ljmayo.www";
			};
			name = Release;
		};
		21B86D112CA5DF9300FD93D0 /* Debug */ = {
			isa = XCBuildConfiguration;
			buildSettings = {
				CODE_SIGN_STYLE = Automatic;
				CURRENT_PROJECT_VERSION = 1;
				GENERATE_INFOPLIST_FILE = YES;
				MARKETING_VERSION = 1.0;
				PRODUCT_BUNDLE_IDENTIFIER = "WRUV.com-wruv-ljmayo-wwwUITests";
				PRODUCT_NAME = "$(TARGET_NAME)";
				SWIFT_EMIT_LOC_STRINGS = NO;
				SWIFT_VERSION = 5.0;
				TARGETED_DEVICE_FAMILY = "1,2";
				TEST_TARGET_NAME = com.wruv.ljmayo.www;
			};
			name = Debug;
		};
		21B86D122CA5DF9300FD93D0 /* Release */ = {
			isa = XCBuildConfiguration;
			buildSettings = {
				CODE_SIGN_STYLE = Automatic;
				CURRENT_PROJECT_VERSION = 1;
				GENERATE_INFOPLIST_FILE = YES;
				MARKETING_VERSION = 1.0;
				PRODUCT_BUNDLE_IDENTIFIER = "WRUV.com-wruv-ljmayo-wwwUITests";
				PRODUCT_NAME = "$(TARGET_NAME)";
				SWIFT_EMIT_LOC_STRINGS = NO;
				SWIFT_VERSION = 5.0;
				TARGETED_DEVICE_FAMILY = "1,2";
				TEST_TARGET_NAME = com.wruv.ljmayo.www;
			};
			name = Release;
		};
/* End XCBuildConfiguration section */

/* Begin XCConfigurationList section */
		21B86CE12CA5DF9200FD93D0 /* Build configuration list for PBXProject "com.wruv.ljmayo.www" */ = {
			isa = XCConfigurationList;
			buildConfigurations = (
				21B86D082CA5DF9300FD93D0 /* Debug */,
				21B86D092CA5DF9300FD93D0 /* Release */,
			);
			defaultConfigurationIsVisible = 0;
			defaultConfigurationName = Release;
		};
		21B86D0A2CA5DF9300FD93D0 /* Build configuration list for PBXNativeTarget "com.wruv.ljmayo.www" */ = {
			isa = XCConfigurationList;
			buildConfigurations = (
				21B86D0B2CA5DF9300FD93D0 /* Debug */,
				21B86D0C2CA5DF9300FD93D0 /* Release */,
			);
			defaultConfigurationIsVisible = 0;
			defaultConfigurationName = Release;
		};
		21B86D0D2CA5DF9300FD93D0 /* Build configuration list for PBXNativeTarget "com.wruv.ljmayo.wwwTests" */ = {
			isa = XCConfigurationList;
			buildConfigurations = (
				21B86D0E2CA5DF9300FD93D0 /* Debug */,
				21B86D0F2CA5DF9300FD93D0 /* Release */,
			);
			defaultConfigurationIsVisible = 0;
			defaultConfigurationName = Release;
		};
		21B86D102CA5DF9300FD93D0 /* Build configuration list for PBXNativeTarget "com.wruv.ljmayo.wwwUITests" */ = {
			isa = XCConfigurationList;
			buildConfigurations = (
				21B86D112CA5DF9300FD93D0 /* Debug */,
				21B86D122CA5DF9300FD93D0 /* Release */,
			);
			defaultConfigurationIsVisible = 0;
			defaultConfigurationName = Release;
		};
/* End XCConfigurationList section */

/* Begin XCRemoteSwiftPackageReference section */
		C0E297B22CEF8D52002B0BAF /* XCRemoteSwiftPackageReference "firebase-ios-sdk" */ = {
			isa = XCRemoteSwiftPackageReference;
			repositoryURL = "https://github.com/firebase/firebase-ios-sdk";
			requirement = {
				kind = upToNextMajorVersion;
				minimumVersion = 11.5.0;
			};
		};
/* End XCRemoteSwiftPackageReference section */

/* Begin XCSwiftPackageProductDependency section */
		C0E297B32CEF8D52002B0BAF /* FirebaseAnalytics */ = {
			isa = XCSwiftPackageProductDependency;
			package = C0E297B22CEF8D52002B0BAF /* XCRemoteSwiftPackageReference "firebase-ios-sdk" */;
			productName = FirebaseAnalytics;
		};
		C0E297B52CEF8D52002B0BAF /* FirebaseAnalyticsOnDeviceConversion */ = {
			isa = XCSwiftPackageProductDependency;
			package = C0E297B22CEF8D52002B0BAF /* XCRemoteSwiftPackageReference "firebase-ios-sdk" */;
			productName = FirebaseAnalyticsOnDeviceConversion;
		};
		C0E297B72CEF8D52002B0BAF /* FirebaseAnalyticsWithoutAdIdSupport */ = {
			isa = XCSwiftPackageProductDependency;
			package = C0E297B22CEF8D52002B0BAF /* XCRemoteSwiftPackageReference "firebase-ios-sdk" */;
			productName = FirebaseAnalyticsWithoutAdIdSupport;
		};
		C0E297B92CEF8D52002B0BAF /* FirebaseAppCheck */ = {
			isa = XCSwiftPackageProductDependency;
			package = C0E297B22CEF8D52002B0BAF /* XCRemoteSwiftPackageReference "firebase-ios-sdk" */;
			productName = FirebaseAppCheck;
		};
		C0E297BB2CEF8D52002B0BAF /* FirebaseAppDistribution-Beta */ = {
			isa = XCSwiftPackageProductDependency;
			package = C0E297B22CEF8D52002B0BAF /* XCRemoteSwiftPackageReference "firebase-ios-sdk" */;
			productName = "FirebaseAppDistribution-Beta";
		};
		C0E297BD2CEF8D52002B0BAF /* FirebaseAuth */ = {
			isa = XCSwiftPackageProductDependency;
			package = C0E297B22CEF8D52002B0BAF /* XCRemoteSwiftPackageReference "firebase-ios-sdk" */;
			productName = FirebaseAuth;
		};
		C0E297BF2CEF8D52002B0BAF /* FirebaseAuthCombine-Community */ = {
			isa = XCSwiftPackageProductDependency;
			package = C0E297B22CEF8D52002B0BAF /* XCRemoteSwiftPackageReference "firebase-ios-sdk" */;
			productName = "FirebaseAuthCombine-Community";
		};
		C0E297C12CEF8D52002B0BAF /* FirebaseCore */ = {
			isa = XCSwiftPackageProductDependency;
			package = C0E297B22CEF8D52002B0BAF /* XCRemoteSwiftPackageReference "firebase-ios-sdk" */;
			productName = FirebaseCore;
		};
		C0E297C32CEF8D52002B0BAF /* FirebaseCrashlytics */ = {
			isa = XCSwiftPackageProductDependency;
			package = C0E297B22CEF8D52002B0BAF /* XCRemoteSwiftPackageReference "firebase-ios-sdk" */;
			productName = FirebaseCrashlytics;
		};
		C0E297C52CEF8D52002B0BAF /* FirebaseDatabase */ = {
			isa = XCSwiftPackageProductDependency;
			package = C0E297B22CEF8D52002B0BAF /* XCRemoteSwiftPackageReference "firebase-ios-sdk" */;
			productName = FirebaseDatabase;
		};
		C0E297C72CEF8D52002B0BAF /* FirebaseDynamicLinks */ = {
			isa = XCSwiftPackageProductDependency;
			package = C0E297B22CEF8D52002B0BAF /* XCRemoteSwiftPackageReference "firebase-ios-sdk" */;
			productName = FirebaseDynamicLinks;
		};
		C0E297C92CEF8D52002B0BAF /* FirebaseFirestore */ = {
			isa = XCSwiftPackageProductDependency;
			package = C0E297B22CEF8D52002B0BAF /* XCRemoteSwiftPackageReference "firebase-ios-sdk" */;
			productName = FirebaseFirestore;
		};
		C0E297CB2CEF8D52002B0BAF /* FirebaseFirestoreCombine-Community */ = {
			isa = XCSwiftPackageProductDependency;
			package = C0E297B22CEF8D52002B0BAF /* XCRemoteSwiftPackageReference "firebase-ios-sdk" */;
			productName = "FirebaseFirestoreCombine-Community";
		};
		C0E297CD2CEF8D52002B0BAF /* FirebaseFunctions */ = {
			isa = XCSwiftPackageProductDependency;
			package = C0E297B22CEF8D52002B0BAF /* XCRemoteSwiftPackageReference "firebase-ios-sdk" */;
			productName = FirebaseFunctions;
		};
		C0E297CF2CEF8D52002B0BAF /* FirebaseFunctionsCombine-Community */ = {
			isa = XCSwiftPackageProductDependency;
			package = C0E297B22CEF8D52002B0BAF /* XCRemoteSwiftPackageReference "firebase-ios-sdk" */;
			productName = "FirebaseFunctionsCombine-Community";
		};
		C0E297D12CEF8D52002B0BAF /* FirebaseInAppMessaging-Beta */ = {
			isa = XCSwiftPackageProductDependency;
			package = C0E297B22CEF8D52002B0BAF /* XCRemoteSwiftPackageReference "firebase-ios-sdk" */;
			productName = "FirebaseInAppMessaging-Beta";
		};
		C0E297D32CEF8D52002B0BAF /* FirebaseInstallations */ = {
			isa = XCSwiftPackageProductDependency;
			package = C0E297B22CEF8D52002B0BAF /* XCRemoteSwiftPackageReference "firebase-ios-sdk" */;
			productName = FirebaseInstallations;
		};
		C0E297D52CEF8D52002B0BAF /* FirebaseMLModelDownloader */ = {
			isa = XCSwiftPackageProductDependency;
			package = C0E297B22CEF8D52002B0BAF /* XCRemoteSwiftPackageReference "firebase-ios-sdk" */;
			productName = FirebaseMLModelDownloader;
		};
		C0E297D72CEF8D52002B0BAF /* FirebaseMessaging */ = {
			isa = XCSwiftPackageProductDependency;
			package = C0E297B22CEF8D52002B0BAF /* XCRemoteSwiftPackageReference "firebase-ios-sdk" */;
			productName = FirebaseMessaging;
		};
		C0E297D92CEF8D52002B0BAF /* FirebasePerformance */ = {
			isa = XCSwiftPackageProductDependency;
			package = C0E297B22CEF8D52002B0BAF /* XCRemoteSwiftPackageReference "firebase-ios-sdk" */;
			productName = FirebasePerformance;
		};
		C0E297DB2CEF8D52002B0BAF /* FirebaseRemoteConfig */ = {
			isa = XCSwiftPackageProductDependency;
			package = C0E297B22CEF8D52002B0BAF /* XCRemoteSwiftPackageReference "firebase-ios-sdk" */;
			productName = FirebaseRemoteConfig;
		};
		C0E297DD2CEF8D52002B0BAF /* FirebaseStorage */ = {
			isa = XCSwiftPackageProductDependency;
			package = C0E297B22CEF8D52002B0BAF /* XCRemoteSwiftPackageReference "firebase-ios-sdk" */;
			productName = FirebaseStorage;
		};
		C0E297DF2CEF8D52002B0BAF /* FirebaseStorageCombine-Community */ = {
			isa = XCSwiftPackageProductDependency;
			package = C0E297B22CEF8D52002B0BAF /* XCRemoteSwiftPackageReference "firebase-ios-sdk" */;
			productName = "FirebaseStorageCombine-Community";
		};
		C0E297E12CEF8D52002B0BAF /* FirebaseVertexAI */ = {
			isa = XCSwiftPackageProductDependency;
			package = C0E297B22CEF8D52002B0BAF /* XCRemoteSwiftPackageReference "firebase-ios-sdk" */;
			productName = FirebaseVertexAI;
		};
/* End XCSwiftPackageProductDependency section */
	};
	rootObject = 21B86CDE2CA5DF9200FD93D0 /* Project object */;
}
