// !$*UTF8*$!
{
	archiveVersion = 1;
	classes = {
	};
	objectVersion = 77;
	objects = {

/* Begin PBXBuildFile section */
		8C26F9582CD30BBD000DA3B0 /* GoogleService-Info.plist in Resources */ = {isa = PBXBuildFile; fileRef = 8C26F9572CD30BBD000DA3B0 /* GoogleService-Info.plist */; };
		8C26F95A2CD30C34000DA3B0 /* FirebaseAnalyticsOnDeviceConversion in Frameworks */ = {isa = PBXBuildFile; productRef = 8C26F9592CD30C34000DA3B0 /* FirebaseAnalyticsOnDeviceConversion */; };
		8C26F95C2CD30C34000DA3B0 /* FirebaseAnalyticsWithoutAdIdSupport in Frameworks */ = {isa = PBXBuildFile; productRef = 8C26F95B2CD30C34000DA3B0 /* FirebaseAnalyticsWithoutAdIdSupport */; };
		8C26F95E2CD30C34000DA3B0 /* FirebaseAppCheck in Frameworks */ = {isa = PBXBuildFile; productRef = 8C26F95D2CD30C34000DA3B0 /* FirebaseAppCheck */; };
		8C26F9602CD30C34000DA3B0 /* FirebaseAppDistribution-Beta in Frameworks */ = {isa = PBXBuildFile; productRef = 8C26F95F2CD30C34000DA3B0 /* FirebaseAppDistribution-Beta */; };
		8C26F9622CD30C34000DA3B0 /* FirebaseCore in Frameworks */ = {isa = PBXBuildFile; productRef = 8C26F9612CD30C34000DA3B0 /* FirebaseCore */; };
		8C26F9642CD30C34000DA3B0 /* FirebaseCrashlytics in Frameworks */ = {isa = PBXBuildFile; productRef = 8C26F9632CD30C34000DA3B0 /* FirebaseCrashlytics */; };
		8C26F9662CD30C34000DA3B0 /* FirebaseDynamicLinks in Frameworks */ = {isa = PBXBuildFile; productRef = 8C26F9652CD30C34000DA3B0 /* FirebaseDynamicLinks */; };
		8C26F9682CD30C34000DA3B0 /* FirebaseFunctionsCombine-Community in Frameworks */ = {isa = PBXBuildFile; productRef = 8C26F9672CD30C34000DA3B0 /* FirebaseFunctionsCombine-Community */; };
		8C26F96A2CD30C34000DA3B0 /* FirebaseInAppMessaging-Beta in Frameworks */ = {isa = PBXBuildFile; productRef = 8C26F9692CD30C34000DA3B0 /* FirebaseInAppMessaging-Beta */; };
		8C26F96C2CD30C34000DA3B0 /* FirebaseInstallations in Frameworks */ = {isa = PBXBuildFile; productRef = 8C26F96B2CD30C34000DA3B0 /* FirebaseInstallations */; };
		8C26F96E2CD30C34000DA3B0 /* FirebaseMLModelDownloader in Frameworks */ = {isa = PBXBuildFile; productRef = 8C26F96D2CD30C34000DA3B0 /* FirebaseMLModelDownloader */; };
		8C26F9702CD30C34000DA3B0 /* FirebaseMessaging in Frameworks */ = {isa = PBXBuildFile; productRef = 8C26F96F2CD30C34000DA3B0 /* FirebaseMessaging */; };
		8C26F9722CD30C34000DA3B0 /* FirebasePerformance in Frameworks */ = {isa = PBXBuildFile; productRef = 8C26F9712CD30C34000DA3B0 /* FirebasePerformance */; };
		8C26F9742CD30C34000DA3B0 /* FirebaseRemoteConfig in Frameworks */ = {isa = PBXBuildFile; productRef = 8C26F9732CD30C34000DA3B0 /* FirebaseRemoteConfig */; };
		8C26F9762CD30C34000DA3B0 /* FirebaseStorageCombine-Community in Frameworks */ = {isa = PBXBuildFile; productRef = 8C26F9752CD30C34000DA3B0 /* FirebaseStorageCombine-Community */; };
		8C26F9782CD30C34000DA3B0 /* FirebaseVertexAI in Frameworks */ = {isa = PBXBuildFile; productRef = 8C26F9772CD30C34000DA3B0 /* FirebaseVertexAI */; };
		8C3CAFAE2CC7176800DD71F2 /* FirebaseAuthCombine-Community in Frameworks */ = {isa = PBXBuildFile; productRef = 8C3CAFAD2CC7176800DD71F2 /* FirebaseAuthCombine-Community */; };
		8C3CAFB02CC7176800DD71F2 /* FirebaseStorage in Frameworks */ = {isa = PBXBuildFile; productRef = 8C3CAFAF2CC7176800DD71F2 /* FirebaseStorage */; };
		8CE97ACC2CC7138D00A8E1B8 /* FirebaseAnalytics in Frameworks */ = {isa = PBXBuildFile; productRef = 8CE97ACB2CC7138D00A8E1B8 /* FirebaseAnalytics */; };
		8CE97AD12CC7161300A8E1B8 /* FirebaseFirestore in Frameworks */ = {isa = PBXBuildFile; productRef = 8CE97AD02CC7161300A8E1B8 /* FirebaseFirestore */; };
		8CE97AD32CC7165F00A8E1B8 /* FirebaseDatabase in Frameworks */ = {isa = PBXBuildFile; productRef = 8CE97AD22CC7165F00A8E1B8 /* FirebaseDatabase */; };
		8CE97AD52CC7165F00A8E1B8 /* FirebaseFirestoreCombine-Community in Frameworks */ = {isa = PBXBuildFile; productRef = 8CE97AD42CC7165F00A8E1B8 /* FirebaseFirestoreCombine-Community */; };
		8CE97AD72CC7165F00A8E1B8 /* FirebaseFunctions in Frameworks */ = {isa = PBXBuildFile; productRef = 8CE97AD62CC7165F00A8E1B8 /* FirebaseFunctions */; };
		8CFAF1EF2CC7170B00CB58EA /* FirebaseAuth in Frameworks */ = {isa = PBXBuildFile; productRef = 8CFAF1EE2CC7170B00CB58EA /* FirebaseAuth */; };
/* End PBXBuildFile section */

/* Begin PBXContainerItemProxy section */
		21B86CF72CA5DF9300FD93D0 /* PBXContainerItemProxy */ = {
			isa = PBXContainerItemProxy;
			containerPortal = 21B86CDE2CA5DF9200FD93D0 /* Project object */;
			proxyType = 1;
			remoteGlobalIDString = 21B86CE52CA5DF9200FD93D0;
			remoteInfo = com.wruv.ljmayo.www;
		};
		21B86D012CA5DF9300FD93D0 /* PBXContainerItemProxy */ = {
			isa = PBXContainerItemProxy;
			containerPortal = 21B86CDE2CA5DF9200FD93D0 /* Project object */;
			proxyType = 1;
			remoteGlobalIDString = 21B86CE52CA5DF9200FD93D0;
			remoteInfo = com.wruv.ljmayo.www;
		};
/* End PBXContainerItemProxy section */

/* Begin PBXFileReference section */
		21B86CE62CA5DF9200FD93D0 /* com.wruv.ljmayo.www.app */ = {isa = PBXFileReference; explicitFileType = wrapper.application; includeInIndex = 0; path = com.wruv.ljmayo.www.app; sourceTree = BUILT_PRODUCTS_DIR; };
		21B86CF62CA5DF9300FD93D0 /* com.wruv.ljmayo.wwwTests.xctest */ = {isa = PBXFileReference; explicitFileType = wrapper.cfbundle; includeInIndex = 0; path = com.wruv.ljmayo.wwwTests.xctest; sourceTree = BUILT_PRODUCTS_DIR; };
		21B86D002CA5DF9300FD93D0 /* com.wruv.ljmayo.wwwUITests.xctest */ = {isa = PBXFileReference; explicitFileType = wrapper.cfbundle; includeInIndex = 0; path = com.wruv.ljmayo.wwwUITests.xctest; sourceTree = BUILT_PRODUCTS_DIR; };
		8C26F9572CD30BBD000DA3B0 /* GoogleService-Info.plist */ = {isa = PBXFileReference; lastKnownFileType = text.plist.xml; path = "GoogleService-Info.plist"; sourceTree = "<group>"; };
/* End PBXFileReference section */

/* Begin PBXFileSystemSynchronizedRootGroup section */
		21B86CE82CA5DF9200FD93D0 /* com.wruv.ljmayo.www */ = {
			isa = PBXFileSystemSynchronizedRootGroup;
			path = com.wruv.ljmayo.www;
			sourceTree = "<group>";
		};
		21B86CF92CA5DF9300FD93D0 /* com.wruv.ljmayo.wwwTests */ = {
			isa = PBXFileSystemSynchronizedRootGroup;
			path = com.wruv.ljmayo.wwwTests;
			sourceTree = "<group>";
		};
		21B86D032CA5DF9300FD93D0 /* com.wruv.ljmayo.wwwUITests */ = {
			isa = PBXFileSystemSynchronizedRootGroup;
			path = com.wruv.ljmayo.wwwUITests;
			sourceTree = "<group>";
		};
/* End PBXFileSystemSynchronizedRootGroup section */

/* Begin PBXFrameworksBuildPhase section */
		21B86CE32CA5DF9200FD93D0 /* Frameworks */ = {
			isa = PBXFrameworksBuildPhase;
			buildActionMask = 2147483647;
			files = (
				8CE97AD32CC7165F00A8E1B8 /* FirebaseDatabase in Frameworks */,
				8C26F9782CD30C34000DA3B0 /* FirebaseVertexAI in Frameworks */,
				8C26F95C2CD30C34000DA3B0 /* FirebaseAnalyticsWithoutAdIdSupport in Frameworks */,
				8CFAF1EF2CC7170B00CB58EA /* FirebaseAuth in Frameworks */,
				8C26F9762CD30C34000DA3B0 /* FirebaseStorageCombine-Community in Frameworks */,
				8C26F96C2CD30C34000DA3B0 /* FirebaseInstallations in Frameworks */,
				8C26F9642CD30C34000DA3B0 /* FirebaseCrashlytics in Frameworks */,
				8CE97AD52CC7165F00A8E1B8 /* FirebaseFirestoreCombine-Community in Frameworks */,
				8C26F96A2CD30C34000DA3B0 /* FirebaseInAppMessaging-Beta in Frameworks */,
				8CE97AD72CC7165F00A8E1B8 /* FirebaseFunctions in Frameworks */,
				8C26F95A2CD30C34000DA3B0 /* FirebaseAnalyticsOnDeviceConversion in Frameworks */,
				8C26F9682CD30C34000DA3B0 /* FirebaseFunctionsCombine-Community in Frameworks */,
				8CE97ACC2CC7138D00A8E1B8 /* FirebaseAnalytics in Frameworks */,
				8C26F9742CD30C34000DA3B0 /* FirebaseRemoteConfig in Frameworks */,
				8C3CAFB02CC7176800DD71F2 /* FirebaseStorage in Frameworks */,
				8C26F9702CD30C34000DA3B0 /* FirebaseMessaging in Frameworks */,
				8C26F96E2CD30C34000DA3B0 /* FirebaseMLModelDownloader in Frameworks */,
				8C26F9722CD30C34000DA3B0 /* FirebasePerformance in Frameworks */,
				8C26F9622CD30C34000DA3B0 /* FirebaseCore in Frameworks */,
				8C3CAFAE2CC7176800DD71F2 /* FirebaseAuthCombine-Community in Frameworks */,
				8CE97AD12CC7161300A8E1B8 /* FirebaseFirestore in Frameworks */,
				8C26F95E2CD30C34000DA3B0 /* FirebaseAppCheck in Frameworks */,
				8C26F9602CD30C34000DA3B0 /* FirebaseAppDistribution-Beta in Frameworks */,
				8C26F9662CD30C34000DA3B0 /* FirebaseDynamicLinks in Frameworks */,
			);
			runOnlyForDeploymentPostprocessing = 0;
		};
		21B86CF32CA5DF9300FD93D0 /* Frameworks */ = {
			isa = PBXFrameworksBuildPhase;
			buildActionMask = 2147483647;
			files = (
			);
			runOnlyForDeploymentPostprocessing = 0;
		};
		21B86CFD2CA5DF9300FD93D0 /* Frameworks */ = {
			isa = PBXFrameworksBuildPhase;
			buildActionMask = 2147483647;
			files = (
			);
			runOnlyForDeploymentPostprocessing = 0;
		};
/* End PBXFrameworksBuildPhase section */

/* Begin PBXGroup section */
		21B86CDD2CA5DF9200FD93D0 = {
			isa = PBXGroup;
			children = (
				21B86CE82CA5DF9200FD93D0 /* com.wruv.ljmayo.www */,
				21B86CF92CA5DF9300FD93D0 /* com.wruv.ljmayo.wwwTests */,
				21B86D032CA5DF9300FD93D0 /* com.wruv.ljmayo.wwwUITests */,
				21B86CE72CA5DF9200FD93D0 /* Products */,
				8C26F9572CD30BBD000DA3B0 /* GoogleService-Info.plist */,
			);
			sourceTree = "<group>";
		};
		21B86CE72CA5DF9200FD93D0 /* Products */ = {
			isa = PBXGroup;
			children = (
				21B86CE62CA5DF9200FD93D0 /* com.wruv.ljmayo.www.app */,
				21B86CF62CA5DF9300FD93D0 /* com.wruv.ljmayo.wwwTests.xctest */,
				21B86D002CA5DF9300FD93D0 /* com.wruv.ljmayo.wwwUITests.xctest */,
			);
			name = Products;
			sourceTree = "<group>";
		};
/* End PBXGroup section */

/* Begin PBXNativeTarget section */
		21B86CE52CA5DF9200FD93D0 /* com.wruv.ljmayo.www */ = {
			isa = PBXNativeTarget;
			buildConfigurationList = 21B86D0A2CA5DF9300FD93D0 /* Build configuration list for PBXNativeTarget "com.wruv.ljmayo.www" */;
			buildPhases = (
				21B86CE22CA5DF9200FD93D0 /* Sources */,
				21B86CE32CA5DF9200FD93D0 /* Frameworks */,
				21B86CE42CA5DF9200FD93D0 /* Resources */,
			);
			buildRules = (
			);
			dependencies = (
			);
			fileSystemSynchronizedGroups = (
				21B86CE82CA5DF9200FD93D0 /* com.wruv.ljmayo.www */,
			);
			name = com.wruv.ljmayo.www;
			packageProductDependencies = (
				8CE97ACB2CC7138D00A8E1B8 /* FirebaseAnalytics */,
				8CE97AD02CC7161300A8E1B8 /* FirebaseFirestore */,
				8CE97AD22CC7165F00A8E1B8 /* FirebaseDatabase */,
				8CE97AD42CC7165F00A8E1B8 /* FirebaseFirestoreCombine-Community */,
				8CE97AD62CC7165F00A8E1B8 /* FirebaseFunctions */,
				8CFAF1EE2CC7170B00CB58EA /* FirebaseAuth */,
				8C3CAFAD2CC7176800DD71F2 /* FirebaseAuthCombine-Community */,
				8C3CAFAF2CC7176800DD71F2 /* FirebaseStorage */,
				8C26F9592CD30C34000DA3B0 /* FirebaseAnalyticsOnDeviceConversion */,
				8C26F95B2CD30C34000DA3B0 /* FirebaseAnalyticsWithoutAdIdSupport */,
				8C26F95D2CD30C34000DA3B0 /* FirebaseAppCheck */,
				8C26F95F2CD30C34000DA3B0 /* FirebaseAppDistribution-Beta */,
				8C26F9612CD30C34000DA3B0 /* FirebaseCore */,
				8C26F9632CD30C34000DA3B0 /* FirebaseCrashlytics */,
				8C26F9652CD30C34000DA3B0 /* FirebaseDynamicLinks */,
				8C26F9672CD30C34000DA3B0 /* FirebaseFunctionsCombine-Community */,
				8C26F9692CD30C34000DA3B0 /* FirebaseInAppMessaging-Beta */,
				8C26F96B2CD30C34000DA3B0 /* FirebaseInstallations */,
				8C26F96D2CD30C34000DA3B0 /* FirebaseMLModelDownloader */,
				8C26F96F2CD30C34000DA3B0 /* FirebaseMessaging */,
				8C26F9712CD30C34000DA3B0 /* FirebasePerformance */,
				8C26F9732CD30C34000DA3B0 /* FirebaseRemoteConfig */,
				8C26F9752CD30C34000DA3B0 /* FirebaseStorageCombine-Community */,
				8C26F9772CD30C34000DA3B0 /* FirebaseVertexAI */,
			);
			productName = com.wruv.ljmayo.www;
			productReference = 21B86CE62CA5DF9200FD93D0 /* com.wruv.ljmayo.www.app */;
			productType = "com.apple.product-type.application";
		};
		21B86CF52CA5DF9300FD93D0 /* com.wruv.ljmayo.wwwTests */ = {
			isa = PBXNativeTarget;
			buildConfigurationList = 21B86D0D2CA5DF9300FD93D0 /* Build configuration list for PBXNativeTarget "com.wruv.ljmayo.wwwTests" */;
			buildPhases = (
				21B86CF22CA5DF9300FD93D0 /* Sources */,
				21B86CF32CA5DF9300FD93D0 /* Frameworks */,
				21B86CF42CA5DF9300FD93D0 /* Resources */,
			);
			buildRules = (
			);
			dependencies = (
				21B86CF82CA5DF9300FD93D0 /* PBXTargetDependency */,
			);
			fileSystemSynchronizedGroups = (
				21B86CF92CA5DF9300FD93D0 /* com.wruv.ljmayo.wwwTests */,
			);
			name = com.wruv.ljmayo.wwwTests;
			packageProductDependencies = (
			);
			productName = com.wruv.ljmayo.wwwTests;
			productReference = 21B86CF62CA5DF9300FD93D0 /* com.wruv.ljmayo.wwwTests.xctest */;
			productType = "com.apple.product-type.bundle.unit-test";
		};
		21B86CFF2CA5DF9300FD93D0 /* com.wruv.ljmayo.wwwUITests */ = {
			isa = PBXNativeTarget;
			buildConfigurationList = 21B86D102CA5DF9300FD93D0 /* Build configuration list for PBXNativeTarget "com.wruv.ljmayo.wwwUITests" */;
			buildPhases = (
				21B86CFC2CA5DF9300FD93D0 /* Sources */,
				21B86CFD2CA5DF9300FD93D0 /* Frameworks */,
				21B86CFE2CA5DF9300FD93D0 /* Resources */,
			);
			buildRules = (
			);
			dependencies = (
				21B86D022CA5DF9300FD93D0 /* PBXTargetDependency */,
			);
			fileSystemSynchronizedGroups = (
				21B86D032CA5DF9300FD93D0 /* com.wruv.ljmayo.wwwUITests */,
			);
			name = com.wruv.ljmayo.wwwUITests;
			packageProductDependencies = (
			);
			productName = com.wruv.ljmayo.wwwUITests;
			productReference = 21B86D002CA5DF9300FD93D0 /* com.wruv.ljmayo.wwwUITests.xctest */;
			productType = "com.apple.product-type.bundle.ui-testing";
		};
/* End PBXNativeTarget section */

/* Begin PBXProject section */
		21B86CDE2CA5DF9200FD93D0 /* Project object */ = {
			isa = PBXProject;
			attributes = {
				BuildIndependentTargetsInParallel = 1;
				LastSwiftUpdateCheck = 1600;
				LastUpgradeCheck = 1600;
				TargetAttributes = {
					21B86CE52CA5DF9200FD93D0 = {
						CreatedOnToolsVersion = 16.0;
					};
					21B86CF52CA5DF9300FD93D0 = {
						CreatedOnToolsVersion = 16.0;
						TestTargetID = 21B86CE52CA5DF9200FD93D0;
					};
					21B86CFF2CA5DF9300FD93D0 = {
						CreatedOnToolsVersion = 16.0;
						TestTargetID = 21B86CE52CA5DF9200FD93D0;
					};
				};
			};
			buildConfigurationList = 21B86CE12CA5DF9200FD93D0 /* Build configuration list for PBXProject "com.wruv.ljmayo.www" */;
			developmentRegion = en;
			hasScannedForEncodings = 0;
			knownRegions = (
				en,
				Base,
			);
			mainGroup = 21B86CDD2CA5DF9200FD93D0;
			minimizedProjectReferenceProxies = 1;
			packageReferences = (
				8CE97ACA2CC7138D00A8E1B8 /* XCRemoteSwiftPackageReference "firebase-ios-sdk" */,
			);
			preferredProjectObjectVersion = 77;
			productRefGroup = 21B86CE72CA5DF9200FD93D0 /* Products */;
			projectDirPath = "";
			projectRoot = "";
			targets = (
				21B86CE52CA5DF9200FD93D0 /* com.wruv.ljmayo.www */,
				21B86CF52CA5DF9300FD93D0 /* com.wruv.ljmayo.wwwTests */,
				21B86CFF2CA5DF9300FD93D0 /* com.wruv.ljmayo.wwwUITests */,
			);
		};
/* End PBXProject section */

/* Begin PBXResourcesBuildPhase section */
		21B86CE42CA5DF9200FD93D0 /* Resources */ = {
			isa = PBXResourcesBuildPhase;
			buildActionMask = 2147483647;
			files = (
				8C26F9582CD30BBD000DA3B0 /* GoogleService-Info.plist in Resources */,
			);
			runOnlyForDeploymentPostprocessing = 0;
		};
		21B86CF42CA5DF9300FD93D0 /* Resources */ = {
			isa = PBXResourcesBuildPhase;
			buildActionMask = 2147483647;
			files = (
			);
			runOnlyForDeploymentPostprocessing = 0;
		};
		21B86CFE2CA5DF9300FD93D0 /* Resources */ = {
			isa = PBXResourcesBuildPhase;
			buildActionMask = 2147483647;
			files = (
			);
			runOnlyForDeploymentPostprocessing = 0;
		};
/* End PBXResourcesBuildPhase section */

/* Begin PBXSourcesBuildPhase section */
		21B86CE22CA5DF9200FD93D0 /* Sources */ = {
			isa = PBXSourcesBuildPhase;
			buildActionMask = 2147483647;
			files = (
			);
			runOnlyForDeploymentPostprocessing = 0;
		};
		21B86CF22CA5DF9300FD93D0 /* Sources */ = {
			isa = PBXSourcesBuildPhase;
			buildActionMask = 2147483647;
			files = (
			);
			runOnlyForDeploymentPostprocessing = 0;
		};
		21B86CFC2CA5DF9300FD93D0 /* Sources */ = {
			isa = PBXSourcesBuildPhase;
			buildActionMask = 2147483647;
			files = (
			);
			runOnlyForDeploymentPostprocessing = 0;
		};
/* End PBXSourcesBuildPhase section */

/* Begin PBXTargetDependency section */
		21B86CF82CA5DF9300FD93D0 /* PBXTargetDependency */ = {
			isa = PBXTargetDependency;
			target = 21B86CE52CA5DF9200FD93D0 /* com.wruv.ljmayo.www */;
			targetProxy = 21B86CF72CA5DF9300FD93D0 /* PBXContainerItemProxy */;
		};
		21B86D022CA5DF9300FD93D0 /* PBXTargetDependency */ = {
			isa = PBXTargetDependency;
			target = 21B86CE52CA5DF9200FD93D0 /* com.wruv.ljmayo.www */;
			targetProxy = 21B86D012CA5DF9300FD93D0 /* PBXContainerItemProxy */;
		};
/* End PBXTargetDependency section */

/* Begin XCBuildConfiguration section */
		21B86D082CA5DF9300FD93D0 /* Debug */ = {
			isa = XCBuildConfiguration;
			buildSettings = {
				ALWAYS_SEARCH_USER_PATHS = NO;
				ASSETCATALOG_COMPILER_GENERATE_SWIFT_ASSET_SYMBOL_EXTENSIONS = YES;
				CLANG_ANALYZER_NONNULL = YES;
				CLANG_ANALYZER_NUMBER_OBJECT_CONVERSION = YES_AGGRESSIVE;
				CLANG_CXX_LANGUAGE_STANDARD = "gnu++20";
				CLANG_ENABLE_MODULES = YES;
				CLANG_ENABLE_OBJC_ARC = YES;
				CLANG_ENABLE_OBJC_WEAK = YES;
				CLANG_WARN_BLOCK_CAPTURE_AUTORELEASING = YES;
				CLANG_WARN_BOOL_CONVERSION = YES;
				CLANG_WARN_COMMA = YES;
				CLANG_WARN_CONSTANT_CONVERSION = YES;
				CLANG_WARN_DEPRECATED_OBJC_IMPLEMENTATIONS = YES;
				CLANG_WARN_DIRECT_OBJC_ISA_USAGE = YES_ERROR;
				CLANG_WARN_DOCUMENTATION_COMMENTS = YES;
				CLANG_WARN_EMPTY_BODY = YES;
				CLANG_WARN_ENUM_CONVERSION = YES;
				CLANG_WARN_INFINITE_RECURSION = YES;
				CLANG_WARN_INT_CONVERSION = YES;
				CLANG_WARN_NON_LITERAL_NULL_CONVERSION = YES;
				CLANG_WARN_OBJC_IMPLICIT_RETAIN_SELF = YES;
				CLANG_WARN_OBJC_LITERAL_CONVERSION = YES;
				CLANG_WARN_OBJC_ROOT_CLASS = YES_ERROR;
				CLANG_WARN_QUOTED_INCLUDE_IN_FRAMEWORK_HEADER = YES;
				CLANG_WARN_RANGE_LOOP_ANALYSIS = YES;
				CLANG_WARN_STRICT_PROTOTYPES = YES;
				CLANG_WARN_SUSPICIOUS_MOVE = YES;
				CLANG_WARN_UNGUARDED_AVAILABILITY = YES_AGGRESSIVE;
				CLANG_WARN_UNREACHABLE_CODE = YES;
				CLANG_WARN__DUPLICATE_METHOD_MATCH = YES;
				COPY_PHASE_STRIP = NO;
				DEBUG_INFORMATION_FORMAT = dwarf;
				ENABLE_STRICT_OBJC_MSGSEND = YES;
				ENABLE_TESTABILITY = YES;
				ENABLE_USER_SCRIPT_SANDBOXING = YES;
				GCC_C_LANGUAGE_STANDARD = gnu17;
				GCC_DYNAMIC_NO_PIC = NO;
				GCC_NO_COMMON_BLOCKS = YES;
				GCC_OPTIMIZATION_LEVEL = 0;
				GCC_PREPROCESSOR_DEFINITIONS = (
					"DEBUG=1",
					"$(inherited)",
				);
				GCC_WARN_64_TO_32_BIT_CONVERSION = YES;
				GCC_WARN_ABOUT_RETURN_TYPE = YES_ERROR;
				GCC_WARN_UNDECLARED_SELECTOR = YES;
				GCC_WARN_UNINITIALIZED_AUTOS = YES_AGGRESSIVE;
				GCC_WARN_UNUSED_FUNCTION = YES;
				GCC_WARN_UNUSED_VARIABLE = YES;
				IPHONEOS_DEPLOYMENT_TARGET = 18.0;
				LOCALIZATION_PREFERS_STRING_CATALOGS = YES;
				MTL_ENABLE_DEBUG_INFO = INCLUDE_SOURCE;
				MTL_FAST_MATH = YES;
				ONLY_ACTIVE_ARCH = YES;
				SDKROOT = iphoneos;
				SWIFT_ACTIVE_COMPILATION_CONDITIONS = "DEBUG $(inherited)";
				SWIFT_OPTIMIZATION_LEVEL = "-Onone";
			};
			name = Debug;
		};
		21B86D092CA5DF9300FD93D0 /* Release */ = {
			isa = XCBuildConfiguration;
			buildSettings = {
				ALWAYS_SEARCH_USER_PATHS = NO;
				ASSETCATALOG_COMPILER_GENERATE_SWIFT_ASSET_SYMBOL_EXTENSIONS = YES;
				CLANG_ANALYZER_NONNULL = YES;
				CLANG_ANALYZER_NUMBER_OBJECT_CONVERSION = YES_AGGRESSIVE;
				CLANG_CXX_LANGUAGE_STANDARD = "gnu++20";
				CLANG_ENABLE_MODULES = YES;
				CLANG_ENABLE_OBJC_ARC = YES;
				CLANG_ENABLE_OBJC_WEAK = YES;
				CLANG_WARN_BLOCK_CAPTURE_AUTORELEASING = YES;
				CLANG_WARN_BOOL_CONVERSION = YES;
				CLANG_WARN_COMMA = YES;
				CLANG_WARN_CONSTANT_CONVERSION = YES;
				CLANG_WARN_DEPRECATED_OBJC_IMPLEMENTATIONS = YES;
				CLANG_WARN_DIRECT_OBJC_ISA_USAGE = YES_ERROR;
				CLANG_WARN_DOCUMENTATION_COMMENTS = YES;
				CLANG_WARN_EMPTY_BODY = YES;
				CLANG_WARN_ENUM_CONVERSION = YES;
				CLANG_WARN_INFINITE_RECURSION = YES;
				CLANG_WARN_INT_CONVERSION = YES;
				CLANG_WARN_NON_LITERAL_NULL_CONVERSION = YES;
				CLANG_WARN_OBJC_IMPLICIT_RETAIN_SELF = YES;
				CLANG_WARN_OBJC_LITERAL_CONVERSION = YES;
				CLANG_WARN_OBJC_ROOT_CLASS = YES_ERROR;
				CLANG_WARN_QUOTED_INCLUDE_IN_FRAMEWORK_HEADER = YES;
				CLANG_WARN_RANGE_LOOP_ANALYSIS = YES;
				CLANG_WARN_STRICT_PROTOTYPES = YES;
				CLANG_WARN_SUSPICIOUS_MOVE = YES;
				CLANG_WARN_UNGUARDED_AVAILABILITY = YES_AGGRESSIVE;
				CLANG_WARN_UNREACHABLE_CODE = YES;
				CLANG_WARN__DUPLICATE_METHOD_MATCH = YES;
				COPY_PHASE_STRIP = NO;
				DEBUG_INFORMATION_FORMAT = "dwarf-with-dsym";
				ENABLE_NS_ASSERTIONS = NO;
				ENABLE_STRICT_OBJC_MSGSEND = YES;
				ENABLE_USER_SCRIPT_SANDBOXING = YES;
				GCC_C_LANGUAGE_STANDARD = gnu17;
				GCC_NO_COMMON_BLOCKS = YES;
				GCC_WARN_64_TO_32_BIT_CONVERSION = YES;
				GCC_WARN_ABOUT_RETURN_TYPE = YES_ERROR;
				GCC_WARN_UNDECLARED_SELECTOR = YES;
				GCC_WARN_UNINITIALIZED_AUTOS = YES_AGGRESSIVE;
				GCC_WARN_UNUSED_FUNCTION = YES;
				GCC_WARN_UNUSED_VARIABLE = YES;
				IPHONEOS_DEPLOYMENT_TARGET = 18.0;
				LOCALIZATION_PREFERS_STRING_CATALOGS = YES;
				MTL_ENABLE_DEBUG_INFO = NO;
				MTL_FAST_MATH = YES;
				SDKROOT = iphoneos;
				SWIFT_COMPILATION_MODE = wholemodule;
				VALIDATE_PRODUCT = YES;
			};
			name = Release;
		};
		21B86D0B2CA5DF9300FD93D0 /* Debug */ = {
			isa = XCBuildConfiguration;
			buildSettings = {
				ASSETCATALOG_COMPILER_APPICON_NAME = AppIcon;
				ASSETCATALOG_COMPILER_GLOBAL_ACCENT_COLOR_NAME = AccentColor;
				CODE_SIGN_STYLE = Automatic;
				CURRENT_PROJECT_VERSION = 1;
				DEVELOPMENT_ASSET_PATHS = "\"com.wruv.ljmayo.www/Preview Content\"";
				ENABLE_PREVIEWS = YES;
				GENERATE_INFOPLIST_FILE = YES;
				INFOPLIST_KEY_UIApplicationSceneManifest_Generation = YES;
				INFOPLIST_KEY_UIApplicationSupportsIndirectInputEvents = YES;
				INFOPLIST_KEY_UILaunchScreen_Generation = YES;
				INFOPLIST_KEY_UISupportedInterfaceOrientations_iPad = "UIInterfaceOrientationPortrait UIInterfaceOrientationPortraitUpsideDown UIInterfaceOrientationLandscapeLeft UIInterfaceOrientationLandscapeRight";
				INFOPLIST_KEY_UISupportedInterfaceOrientations_iPhone = "UIInterfaceOrientationPortrait UIInterfaceOrientationLandscapeLeft UIInterfaceOrientationLandscapeRight";
				IPHONEOS_DEPLOYMENT_TARGET = 17.5;
				LD_RUNPATH_SEARCH_PATHS = (
					"$(inherited)",
					"@executable_path/Frameworks",
				);
				MARKETING_VERSION = 1.0;
				PRODUCT_BUNDLE_IDENTIFIER = com.wruv.ljmayo.www;
				PRODUCT_NAME = "$(TARGET_NAME)";
				SWIFT_EMIT_LOC_STRINGS = YES;
				SWIFT_VERSION = 5.0;
				TARGETED_DEVICE_FAMILY = "1,2";
			};
			name = Debug;
		};
		21B86D0C2CA5DF9300FD93D0 /* Release */ = {
			isa = XCBuildConfiguration;
			buildSettings = {
				ASSETCATALOG_COMPILER_APPICON_NAME = AppIcon;
				ASSETCATALOG_COMPILER_GLOBAL_ACCENT_COLOR_NAME = AccentColor;
				CODE_SIGN_STYLE = Automatic;
				CURRENT_PROJECT_VERSION = 1;
				DEVELOPMENT_ASSET_PATHS = "\"com.wruv.ljmayo.www/Preview Content\"";
				ENABLE_PREVIEWS = YES;
				GENERATE_INFOPLIST_FILE = YES;
				INFOPLIST_KEY_UIApplicationSceneManifest_Generation = YES;
				INFOPLIST_KEY_UIApplicationSupportsIndirectInputEvents = YES;
				INFOPLIST_KEY_UILaunchScreen_Generation = YES;
				INFOPLIST_KEY_UISupportedInterfaceOrientations_iPad = "UIInterfaceOrientationPortrait UIInterfaceOrientationPortraitUpsideDown UIInterfaceOrientationLandscapeLeft UIInterfaceOrientationLandscapeRight";
				INFOPLIST_KEY_UISupportedInterfaceOrientations_iPhone = "UIInterfaceOrientationPortrait UIInterfaceOrientationLandscapeLeft UIInterfaceOrientationLandscapeRight";
				IPHONEOS_DEPLOYMENT_TARGET = 17.5;
				LD_RUNPATH_SEARCH_PATHS = (
					"$(inherited)",
					"@executable_path/Frameworks",
				);
				MARKETING_VERSION = 1.0;
				PRODUCT_BUNDLE_IDENTIFIER = com.wruv.ljmayo.www;
				PRODUCT_NAME = "$(TARGET_NAME)";
				SWIFT_EMIT_LOC_STRINGS = YES;
				SWIFT_VERSION = 5.0;
				TARGETED_DEVICE_FAMILY = "1,2";
			};
			name = Release;
		};
		21B86D0E2CA5DF9300FD93D0 /* Debug */ = {
			isa = XCBuildConfiguration;
			buildSettings = {
				BUNDLE_LOADER = "$(TEST_HOST)";
				CODE_SIGN_STYLE = Automatic;
				CURRENT_PROJECT_VERSION = 1;
				GENERATE_INFOPLIST_FILE = YES;
				IPHONEOS_DEPLOYMENT_TARGET = 18.0;
				MARKETING_VERSION = 1.0;
				PRODUCT_BUNDLE_IDENTIFIER = "WRUV.com-wruv-ljmayo-wwwTests";
				PRODUCT_NAME = "$(TARGET_NAME)";
				SWIFT_EMIT_LOC_STRINGS = NO;
				SWIFT_VERSION = 5.0;
				TARGETED_DEVICE_FAMILY = "1,2";
				TEST_HOST = "$(BUILT_PRODUCTS_DIR)/com.wruv.ljmayo.www.app/$(BUNDLE_EXECUTABLE_FOLDER_PATH)/com.wruv.ljmayo.www";
			};
			name = Debug;
		};
		21B86D0F2CA5DF9300FD93D0 /* Release */ = {
			isa = XCBuildConfiguration;
			buildSettings = {
				BUNDLE_LOADER = "$(TEST_HOST)";
				CODE_SIGN_STYLE = Automatic;
				CURRENT_PROJECT_VERSION = 1;
				GENERATE_INFOPLIST_FILE = YES;
				IPHONEOS_DEPLOYMENT_TARGET = 18.0;
				MARKETING_VERSION = 1.0;
				PRODUCT_BUNDLE_IDENTIFIER = "WRUV.com-wruv-ljmayo-wwwTests";
				PRODUCT_NAME = "$(TARGET_NAME)";
				SWIFT_EMIT_LOC_STRINGS = NO;
				SWIFT_VERSION = 5.0;
				TARGETED_DEVICE_FAMILY = "1,2";
				TEST_HOST = "$(BUILT_PRODUCTS_DIR)/com.wruv.ljmayo.www.app/$(BUNDLE_EXECUTABLE_FOLDER_PATH)/com.wruv.ljmayo.www";
			};
			name = Release;
		};
		21B86D112CA5DF9300FD93D0 /* Debug */ = {
			isa = XCBuildConfiguration;
			buildSettings = {
				CODE_SIGN_STYLE = Automatic;
				CURRENT_PROJECT_VERSION = 1;
				GENERATE_INFOPLIST_FILE = YES;
				MARKETING_VERSION = 1.0;
				PRODUCT_BUNDLE_IDENTIFIER = "WRUV.com-wruv-ljmayo-wwwUITests";
				PRODUCT_NAME = "$(TARGET_NAME)";
				SWIFT_EMIT_LOC_STRINGS = NO;
				SWIFT_VERSION = 5.0;
				TARGETED_DEVICE_FAMILY = "1,2";
				TEST_TARGET_NAME = com.wruv.ljmayo.www;
			};
			name = Debug;
		};
		21B86D122CA5DF9300FD93D0 /* Release */ = {
			isa = XCBuildConfiguration;
			buildSettings = {
				CODE_SIGN_STYLE = Automatic;
				CURRENT_PROJECT_VERSION = 1;
				GENERATE_INFOPLIST_FILE = YES;
				MARKETING_VERSION = 1.0;
				PRODUCT_BUNDLE_IDENTIFIER = "WRUV.com-wruv-ljmayo-wwwUITests";
				PRODUCT_NAME = "$(TARGET_NAME)";
				SWIFT_EMIT_LOC_STRINGS = NO;
				SWIFT_VERSION = 5.0;
				TARGETED_DEVICE_FAMILY = "1,2";
				TEST_TARGET_NAME = com.wruv.ljmayo.www;
			};
			name = Release;
		};
/* End XCBuildConfiguration section */

/* Begin XCConfigurationList section */
		21B86CE12CA5DF9200FD93D0 /* Build configuration list for PBXProject "com.wruv.ljmayo.www" */ = {
			isa = XCConfigurationList;
			buildConfigurations = (
				21B86D082CA5DF9300FD93D0 /* Debug */,
				21B86D092CA5DF9300FD93D0 /* Release */,
			);
			defaultConfigurationIsVisible = 0;
			defaultConfigurationName = Release;
		};
		21B86D0A2CA5DF9300FD93D0 /* Build configuration list for PBXNativeTarget "com.wruv.ljmayo.www" */ = {
			isa = XCConfigurationList;
			buildConfigurations = (
				21B86D0B2CA5DF9300FD93D0 /* Debug */,
				21B86D0C2CA5DF9300FD93D0 /* Release */,
			);
			defaultConfigurationIsVisible = 0;
			defaultConfigurationName = Release;
		};
		21B86D0D2CA5DF9300FD93D0 /* Build configuration list for PBXNativeTarget "com.wruv.ljmayo.wwwTests" */ = {
			isa = XCConfigurationList;
			buildConfigurations = (
				21B86D0E2CA5DF9300FD93D0 /* Debug */,
				21B86D0F2CA5DF9300FD93D0 /* Release */,
			);
			defaultConfigurationIsVisible = 0;
			defaultConfigurationName = Release;
		};
		21B86D102CA5DF9300FD93D0 /* Build configuration list for PBXNativeTarget "com.wruv.ljmayo.wwwUITests" */ = {
			isa = XCConfigurationList;
			buildConfigurations = (
				21B86D112CA5DF9300FD93D0 /* Debug */,
				21B86D122CA5DF9300FD93D0 /* Release */,
			);
			defaultConfigurationIsVisible = 0;
			defaultConfigurationName = Release;
		};
/* End XCConfigurationList section */

/* Begin XCRemoteSwiftPackageReference section */
		8CE97ACA2CC7138D00A8E1B8 /* XCRemoteSwiftPackageReference "firebase-ios-sdk" */ = {
			isa = XCRemoteSwiftPackageReference;
			repositoryURL = "https://github.com/firebase/firebase-ios-sdk";
			requirement = {
				kind = upToNextMajorVersion;
				minimumVersion = 11.4.0;
			};
		};
/* End XCRemoteSwiftPackageReference section */

/* Begin XCSwiftPackageProductDependency section */
		8C26F9592CD30C34000DA3B0 /* FirebaseAnalyticsOnDeviceConversion */ = {
			isa = XCSwiftPackageProductDependency;
			package = 8CE97ACA2CC7138D00A8E1B8 /* XCRemoteSwiftPackageReference "firebase-ios-sdk" */;
			productName = FirebaseAnalyticsOnDeviceConversion;
		};
		8C26F95B2CD30C34000DA3B0 /* FirebaseAnalyticsWithoutAdIdSupport */ = {
			isa = XCSwiftPackageProductDependency;
			package = 8CE97ACA2CC7138D00A8E1B8 /* XCRemoteSwiftPackageReference "firebase-ios-sdk" */;
			productName = FirebaseAnalyticsWithoutAdIdSupport;
		};
		8C26F95D2CD30C34000DA3B0 /* FirebaseAppCheck */ = {
			isa = XCSwiftPackageProductDependency;
			package = 8CE97ACA2CC7138D00A8E1B8 /* XCRemoteSwiftPackageReference "firebase-ios-sdk" */;
			productName = FirebaseAppCheck;
		};
		8C26F95F2CD30C34000DA3B0 /* FirebaseAppDistribution-Beta */ = {
			isa = XCSwiftPackageProductDependency;
			package = 8CE97ACA2CC7138D00A8E1B8 /* XCRemoteSwiftPackageReference "firebase-ios-sdk" */;
			productName = "FirebaseAppDistribution-Beta";
		};
		8C26F9612CD30C34000DA3B0 /* FirebaseCore */ = {
			isa = XCSwiftPackageProductDependency;
			package = 8CE97ACA2CC7138D00A8E1B8 /* XCRemoteSwiftPackageReference "firebase-ios-sdk" */;
			productName = FirebaseCore;
		};
		8C26F9632CD30C34000DA3B0 /* FirebaseCrashlytics */ = {
			isa = XCSwiftPackageProductDependency;
			package = 8CE97ACA2CC7138D00A8E1B8 /* XCRemoteSwiftPackageReference "firebase-ios-sdk" */;
			productName = FirebaseCrashlytics;
		};
		8C26F9652CD30C34000DA3B0 /* FirebaseDynamicLinks */ = {
			isa = XCSwiftPackageProductDependency;
			package = 8CE97ACA2CC7138D00A8E1B8 /* XCRemoteSwiftPackageReference "firebase-ios-sdk" */;
			productName = FirebaseDynamicLinks;
		};
		8C26F9672CD30C34000DA3B0 /* FirebaseFunctionsCombine-Community */ = {
			isa = XCSwiftPackageProductDependency;
			package = 8CE97ACA2CC7138D00A8E1B8 /* XCRemoteSwiftPackageReference "firebase-ios-sdk" */;
			productName = "FirebaseFunctionsCombine-Community";
		};
		8C26F9692CD30C34000DA3B0 /* FirebaseInAppMessaging-Beta */ = {
			isa = XCSwiftPackageProductDependency;
			package = 8CE97ACA2CC7138D00A8E1B8 /* XCRemoteSwiftPackageReference "firebase-ios-sdk" */;
			productName = "FirebaseInAppMessaging-Beta";
		};
		8C26F96B2CD30C34000DA3B0 /* FirebaseInstallations */ = {
			isa = XCSwiftPackageProductDependency;
			package = 8CE97ACA2CC7138D00A8E1B8 /* XCRemoteSwiftPackageReference "firebase-ios-sdk" */;
			productName = FirebaseInstallations;
		};
		8C26F96D2CD30C34000DA3B0 /* FirebaseMLModelDownloader */ = {
			isa = XCSwiftPackageProductDependency;
			package = 8CE97ACA2CC7138D00A8E1B8 /* XCRemoteSwiftPackageReference "firebase-ios-sdk" */;
			productName = FirebaseMLModelDownloader;
		};
		8C26F96F2CD30C34000DA3B0 /* FirebaseMessaging */ = {
			isa = XCSwiftPackageProductDependency;
			package = 8CE97ACA2CC7138D00A8E1B8 /* XCRemoteSwiftPackageReference "firebase-ios-sdk" */;
			productName = FirebaseMessaging;
		};
		8C26F9712CD30C34000DA3B0 /* FirebasePerformance */ = {
			isa = XCSwiftPackageProductDependency;
			package = 8CE97ACA2CC7138D00A8E1B8 /* XCRemoteSwiftPackageReference "firebase-ios-sdk" */;
			productName = FirebasePerformance;
		};
		8C26F9732CD30C34000DA3B0 /* FirebaseRemoteConfig */ = {
			isa = XCSwiftPackageProductDependency;
			package = 8CE97ACA2CC7138D00A8E1B8 /* XCRemoteSwiftPackageReference "firebase-ios-sdk" */;
			productName = FirebaseRemoteConfig;
		};
		8C26F9752CD30C34000DA3B0 /* FirebaseStorageCombine-Community */ = {
			isa = XCSwiftPackageProductDependency;
			package = 8CE97ACA2CC7138D00A8E1B8 /* XCRemoteSwiftPackageReference "firebase-ios-sdk" */;
			productName = "FirebaseStorageCombine-Community";
		};
		8C26F9772CD30C34000DA3B0 /* FirebaseVertexAI */ = {
			isa = XCSwiftPackageProductDependency;
			package = 8CE97ACA2CC7138D00A8E1B8 /* XCRemoteSwiftPackageReference "firebase-ios-sdk" */;
			productName = FirebaseVertexAI;
		};
		8C3CAFAD2CC7176800DD71F2 /* FirebaseAuthCombine-Community */ = {
			isa = XCSwiftPackageProductDependency;
			package = 8CE97ACA2CC7138D00A8E1B8 /* XCRemoteSwiftPackageReference "firebase-ios-sdk" */;
			productName = "FirebaseAuthCombine-Community";
		};
		8C3CAFAF2CC7176800DD71F2 /* FirebaseStorage */ = {
			isa = XCSwiftPackageProductDependency;
			package = 8CE97ACA2CC7138D00A8E1B8 /* XCRemoteSwiftPackageReference "firebase-ios-sdk" */;
			productName = FirebaseStorage;
		};
		8CE97ACB2CC7138D00A8E1B8 /* FirebaseAnalytics */ = {
			isa = XCSwiftPackageProductDependency;
			package = 8CE97ACA2CC7138D00A8E1B8 /* XCRemoteSwiftPackageReference "firebase-ios-sdk" */;
			productName = FirebaseAnalytics;
		};
		8CE97AD02CC7161300A8E1B8 /* FirebaseFirestore */ = {
			isa = XCSwiftPackageProductDependency;
			package = 8CE97ACA2CC7138D00A8E1B8 /* XCRemoteSwiftPackageReference "firebase-ios-sdk" */;
			productName = FirebaseFirestore;
		};
		8CE97AD22CC7165F00A8E1B8 /* FirebaseDatabase */ = {
			isa = XCSwiftPackageProductDependency;
			package = 8CE97ACA2CC7138D00A8E1B8 /* XCRemoteSwiftPackageReference "firebase-ios-sdk" */;
			productName = FirebaseDatabase;
		};
		8CE97AD42CC7165F00A8E1B8 /* FirebaseFirestoreCombine-Community */ = {
			isa = XCSwiftPackageProductDependency;
			package = 8CE97ACA2CC7138D00A8E1B8 /* XCRemoteSwiftPackageReference "firebase-ios-sdk" */;
			productName = "FirebaseFirestoreCombine-Community";
		};
		8CE97AD62CC7165F00A8E1B8 /* FirebaseFunctions */ = {
			isa = XCSwiftPackageProductDependency;
			package = 8CE97ACA2CC7138D00A8E1B8 /* XCRemoteSwiftPackageReference "firebase-ios-sdk" */;
			productName = FirebaseFunctions;
		};
		8CFAF1EE2CC7170B00CB58EA /* FirebaseAuth */ = {
			isa = XCSwiftPackageProductDependency;
			package = 8CE97ACA2CC7138D00A8E1B8 /* XCRemoteSwiftPackageReference "firebase-ios-sdk" */;
			productName = FirebaseAuth;
		};
/* End XCSwiftPackageProductDependency section */
	};
	rootObject = 21B86CDE2CA5DF9200FD93D0 /* Project object */;
}
